Microsoft Visual Studio Solution File, Format Version 12.00
# Visual Studio Version 17
VisualStudioVersion = 17.5.2.0
MinimumVisualStudioVersion = 10.0.40219.1
Project("{2150E333-8FDC-42A3-9474-1A3956D46DE8}") = "CompletedApp", "CompletedApp", "{E9CEA635-37FA-FBEF-9813-2CBCE39045AF}"
EndProject
Project("{FAE04EC0-301F-11D3-BF4B-00C04F79EFBC}") = "server", "CompletedApp\server\server.csproj", "{B7B3C9E5-B77F-F733-41ED-909F0FBA0D6A}"
EndProject
Global
	GlobalSection(SolutionConfigurationPlatforms) = preSolution
		Debug|Any CPU = Debug|Any CPU
		Release|Any CPU = Release|Any CPU
	EndGlobalSection
	GlobalSection(ProjectConfigurationPlatforms) = postSolution
		{B7B3C9E5-B77F-F733-41ED-909F0FBA0D6A}.Debug|Any CPU.ActiveCfg = Debug|Any CPU
		{B7B3C9E5-B77F-F733-41ED-909F0FBA0D6A}.Debug|Any CPU.Build.0 = Debug|Any CPU
		{B7B3C9E5-B77F-F733-41ED-909F0FBA0D6A}.Release|Any CPU.ActiveCfg = Release|Any CPU
		{B7B3C9E5-B77F-F733-41ED-909F0FBA0D6A}.Release|Any CPU.Build.0 = Release|Any CPU
	EndGlobalSection
	GlobalSection(SolutionProperties) = preSolution
		HideSolutionNode = FALSE
	EndGlobalSection
	GlobalSection(NestedProjects) = preSolution
		{B7B3C9E5-B77F-F733-41ED-909F0FBA0D6A} = {E9CEA635-37FA-FBEF-9813-2CBCE39045AF}
	EndGlobalSection
	GlobalSection(ExtensibilityGlobals) = postSolution
		SolutionGuid = {88AA8A68-5489-42D9-B83D-77F31D7D57F8}
	EndGlobalSection
EndGlobal
